
Microsoft Visual Studio Solution File, Format Version 12.00
# Visual Studio Version 17
VisualStudioVersion = 17.7.34221.43
MinimumVisualStudioVersion = 10.0.40219.1
Project("{8BC9CEB8-8B4A-11D0-8D11-00A0C91BC942}") = "Project1", "Project1.vcxproj", "{AAE9DF52-AD40-41BC-8532-51003E55FAE7}"
EndProject
Global
	GlobalSection(SolutionConfigurationPlatforms) = preSolution
		Debug|x64 = Debug|x64
		Debug|x86 = Debug|x86
		Release|x64 = Release|x64
		Release|x86 = Release|x86
	EndGlobalSection
	GlobalSection(ProjectConfigurationPlatforms) = postSolution
		{AAE9DF52-AD40-41BC-8532-51003E55FAE7}.Debug|x64.ActiveCfg = Debug|x64
		{AAE9DF52-AD40-41BC-8532-51003E55FAE7}.Debug|x64.Build.0 = Debug|x64
		{AAE9DF52-AD40-41BC-8532-51003E55FAE7}.Debug|x86.ActiveCfg = Debug|Win32
		{AAE9DF52-AD40-41BC-8532-51003E55FAE7}.Debug|x86.Build.0 = Debug|Win32
		{AAE9DF52-AD40-41BC-8532-51003E55FAE7}.Release|x64.ActiveCfg = Release|x64
		{AAE9DF52-AD40-41BC-8532-51003E55FAE7}.Release|x64.Build.0 = Release|x64
		{AAE9DF52-AD40-41BC-8532-51003E55FAE7}.Release|x86.ActiveCfg = Release|Win32
		{AAE9DF52-AD40-41BC-8532-51003E55FAE7}.Release|x86.Build.0 = Release|Win32
	EndGlobalSection
	GlobalSection(SolutionProperties) = preSolution
		HideSolutionNode = FALSE
	EndGlobalSection
	GlobalSection(ExtensibilityGlobals) = postSolution
		SolutionGuid = {3B4AA231-73CF-4196-BDD6-3E638F38D2AE}
	EndGlobalSection
EndGlobal
